// !$*UTF8*$!
{
	archiveVersion = 1;
	classes = {
	};
	objectVersion = 46;
	objects = {

/* Begin PBXAggregateTarget section */
		B18FF3A41A9FE25700C0C3B0 /* docs */ = {
			isa = PBXAggregateTarget;
			buildConfigurationList = B18FF3A71A9FE25700C0C3B0 /* Build configuration list for PBXAggregateTarget "docs" */;
			buildPhases = (
				B18FF3A81A9FE26300C0C3B0 /* ShellScript */,
			);
			dependencies = (
				B11DF3B11AA10795009E76D2 /* PBXTargetDependency */,
			);
			name = docs;
			productName = docs;
		};
/* End PBXAggregateTarget section */

/* Begin PBXBuildFile section */
		2433C9E31B9A506F0052D375 /* ORKKeychainWrapper.h in Headers */ = {isa = PBXBuildFile; fileRef = 2433C9E11B9A506F0052D375 /* ORKKeychainWrapper.h */; settings = {ATTRIBUTES = (Public, ); }; };
		2433C9E41B9A506F0052D375 /* ORKKeychainWrapper.m in Sources */ = {isa = PBXBuildFile; fileRef = 2433C9E21B9A506F0052D375 /* ORKKeychainWrapper.m */; };
		248604061B4C98760010C8A0 /* ORKAnswerFormatTests.m in Sources */ = {isa = PBXBuildFile; fileRef = 248604051B4C98760010C8A0 /* ORKAnswerFormatTests.m */; };
		2EBFE11D1AE1B32D00CB8254 /* ORKUIViewAccessibilityTests.m in Sources */ = {isa = PBXBuildFile; fileRef = 2EBFE11C1AE1B32D00CB8254 /* ORKUIViewAccessibilityTests.m */; };
		2EBFE1201AE1B74100CB8254 /* ORKVoiceEngineTests.m in Sources */ = {isa = PBXBuildFile; fileRef = 2EBFE11F1AE1B74100CB8254 /* ORKVoiceEngineTests.m */; };
		6146D0A31B84A91E0068491D /* ORKLineGraphAccessibilityElement.h in Headers */ = {isa = PBXBuildFile; fileRef = 6146D0A11B84A91E0068491D /* ORKLineGraphAccessibilityElement.h */; };
		6146D0A41B84A91E0068491D /* ORKLineGraphAccessibilityElement.m in Sources */ = {isa = PBXBuildFile; fileRef = 6146D0A21B84A91E0068491D /* ORKLineGraphAccessibilityElement.m */; };
		618DA04E1A93D0D600E63AA8 /* ORKAccessibility.h in Headers */ = {isa = PBXBuildFile; fileRef = 618DA0481A93D0D600E63AA8 /* ORKAccessibility.h */; };
		618DA0501A93D0D600E63AA8 /* ORKAccessibilityFunctions.h in Headers */ = {isa = PBXBuildFile; fileRef = 618DA0491A93D0D600E63AA8 /* ORKAccessibilityFunctions.h */; };
		618DA0521A93D0D600E63AA8 /* ORKAccessibilityFunctions.m in Sources */ = {isa = PBXBuildFile; fileRef = 618DA04A1A93D0D600E63AA8 /* ORKAccessibilityFunctions.m */; };
		618DA0541A93D0D600E63AA8 /* UIView+ORKAccessibility.h in Headers */ = {isa = PBXBuildFile; fileRef = 618DA04B1A93D0D600E63AA8 /* UIView+ORKAccessibility.h */; };
		618DA0561A93D0D600E63AA8 /* UIView+ORKAccessibility.m in Sources */ = {isa = PBXBuildFile; fileRef = 618DA04C1A93D0D600E63AA8 /* UIView+ORKAccessibility.m */; };
		86C40D121A8D7C5C00081FAC /* ORKDefines.h in Headers */ = {isa = PBXBuildFile; fileRef = 86C40B7B1A8D7C5C00081FAC /* ORKDefines.h */; settings = {ATTRIBUTES = (Public, ); }; };
		86C40D141A8D7C5C00081FAC /* ORKHelpers_Private.h in Headers */ = {isa = PBXBuildFile; fileRef = 86C40B7C1A8D7C5C00081FAC /* ORKHelpers_Private.h */; settings = {ATTRIBUTES = (Private, ); }; };
		86C40D161A8D7C5C00081FAC /* ORKErrors.h in Headers */ = {isa = PBXBuildFile; fileRef = 86C40B7D1A8D7C5C00081FAC /* ORKErrors.h */; settings = {ATTRIBUTES = (Private, ); }; };
		86C40D181A8D7C5C00081FAC /* ORKErrors.m in Sources */ = {isa = PBXBuildFile; fileRef = 86C40B7E1A8D7C5C00081FAC /* ORKErrors.m */; };
		86C40D341A8D7C5C00081FAC /* ORKHelpers_Internal.h in Headers */ = {isa = PBXBuildFile; fileRef = 86C40B8C1A8D7C5C00081FAC /* ORKHelpers_Internal.h */; };
		86C40D361A8D7C5C00081FAC /* ORKHelpers.m in Sources */ = {isa = PBXBuildFile; fileRef = 86C40B8D1A8D7C5C00081FAC /* ORKHelpers.m */; };
		86C40D8A1A8D7C5C00081FAC /* ORKSkin.h in Headers */ = {isa = PBXBuildFile; fileRef = 86C40BB71A8D7C5C00081FAC /* ORKSkin.h */; };
		86C40D8C1A8D7C5C00081FAC /* ORKSkin.m in Sources */ = {isa = PBXBuildFile; fileRef = 86C40BB81A8D7C5C00081FAC /* ORKSkin.m */; };
		86C40D8E1A8D7C5C00081FAC /* ORKStep.h in Headers */ = {isa = PBXBuildFile; fileRef = 86C40BB91A8D7C5C00081FAC /* ORKStep.h */; settings = {ATTRIBUTES = (Public, ); }; };
		86C40D901A8D7C5C00081FAC /* ORKStep.m in Sources */ = {isa = PBXBuildFile; fileRef = 86C40BBA1A8D7C5C00081FAC /* ORKStep.m */; };
		86C40D921A8D7C5C00081FAC /* ORKStep_Private.h in Headers */ = {isa = PBXBuildFile; fileRef = 86C40BBB1A8D7C5C00081FAC /* ORKStep_Private.h */; };
		86CC8EB31AC09383001CCD89 /* ORKAccessibilityTests.m in Sources */ = {isa = PBXBuildFile; fileRef = 86CC8EA81AC09383001CCD89 /* ORKAccessibilityTests.m */; };
		86CC8EB41AC09383001CCD89 /* ORKChoiceAnswerFormatHelperTests.m in Sources */ = {isa = PBXBuildFile; fileRef = 86CC8EA91AC09383001CCD89 /* ORKChoiceAnswerFormatHelperTests.m */; };
		86CC8EB51AC09383001CCD89 /* ORKConsentTests.m in Sources */ = {isa = PBXBuildFile; fileRef = 86CC8EAA1AC09383001CCD89 /* ORKConsentTests.m */; };
		86CC8EB61AC09383001CCD89 /* ORKDataLoggerManagerTests.m in Sources */ = {isa = PBXBuildFile; fileRef = 86CC8EAB1AC09383001CCD89 /* ORKDataLoggerManagerTests.m */; };
		86CC8EB71AC09383001CCD89 /* ORKDataLoggerTests.m in Sources */ = {isa = PBXBuildFile; fileRef = 86CC8EAC1AC09383001CCD89 /* ORKDataLoggerTests.m */; };
		86CC8EB81AC09383001CCD89 /* ORKHKSampleTests.m in Sources */ = {isa = PBXBuildFile; fileRef = 86CC8EAD1AC09383001CCD89 /* ORKHKSampleTests.m */; };
		86CC8EBA1AC09383001CCD89 /* ORKResultTests.m in Sources */ = {isa = PBXBuildFile; fileRef = 86CC8EAF1AC09383001CCD89 /* ORKResultTests.m */; };
		86CC8EBB1AC09383001CCD89 /* ORKTextChoiceCellGroupTests.m in Sources */ = {isa = PBXBuildFile; fileRef = 86CC8EB01AC09383001CCD89 /* ORKTextChoiceCellGroupTests.m */; };
		86D348021AC161B0006DB02B /* ORKRecorderTests.m in Sources */ = {isa = PBXBuildFile; fileRef = 86D348001AC16175006DB02B /* ORKRecorderTests.m */; };
		B183A4A21A8535D100C76870 /* ResearchKit_Private.h in Headers */ = {isa = PBXBuildFile; fileRef = B1B894391A00345200C5CF2D /* ResearchKit_Private.h */; settings = {ATTRIBUTES = (Private, ); }; };
		B183A4DD1A8535D100C76870 /* ResearchKit.h in Headers */ = {isa = PBXBuildFile; fileRef = B1C1DE4F196F541F00F75544 /* ResearchKit.h */; settings = {ATTRIBUTES = (Public, ); }; };
		B1C0F4E41A9BA65F0022C153 /* ResearchKit.strings in Resources */ = {isa = PBXBuildFile; fileRef = B1C0F4E11A9BA65F0022C153 /* ResearchKit.strings */; };
		BA87E26D20A79FA100B375A9 /* ORKRingView.h in Headers */ = {isa = PBXBuildFile; fileRef = BA87E26B20A79FA100B375A9 /* ORKRingView.h */; };
		BA87E26E20A79FA100B375A9 /* ORKRingView.m in Sources */ = {isa = PBXBuildFile; fileRef = BA87E26C20A79FA100B375A9 /* ORKRingView.m */; };
		BC2908BC1FBD628F0030AB89 /* ORKTypes.m in Sources */ = {isa = PBXBuildFile; fileRef = BC2908BB1FBD628F0030AB89 /* ORKTypes.m */; };
		BC40696121104DDF00A4100C /* ResearchKit.framework in Frameworks */ = {isa = PBXBuildFile; fileRef = B183A5951A8535D100C76870 /* ResearchKit.framework */; };
		BC4A213F1C85FC0000BFC271 /* ORKBarGraphChartView.h in Headers */ = {isa = PBXBuildFile; fileRef = BC4A213D1C85FC0000BFC271 /* ORKBarGraphChartView.h */; settings = {ATTRIBUTES = (Public, ); }; };
		BC4A21401C85FC0000BFC271 /* ORKBarGraphChartView.m in Sources */ = {isa = PBXBuildFile; fileRef = BC4A213E1C85FC0000BFC271 /* ORKBarGraphChartView.m */; };
		BC5FAF841C6901A200057CF1 /* ORKChartTypes.h in Headers */ = {isa = PBXBuildFile; fileRef = BC5FAF821C6901A200057CF1 /* ORKChartTypes.h */; settings = {ATTRIBUTES = (Public, ); }; };
		BC5FAF851C6901A200057CF1 /* ORKChartTypes.m in Sources */ = {isa = PBXBuildFile; fileRef = BC5FAF831C6901A200057CF1 /* ORKChartTypes.m */; };
		BCAD50E81B0201EE0034806A /* ORKTaskTests.m in Sources */ = {isa = PBXBuildFile; fileRef = BCAD50E71B0201EE0034806A /* ORKTaskTests.m */; };
		BCB6E64A1B7D531C000D5B34 /* ORKPieChartView.h in Headers */ = {isa = PBXBuildFile; fileRef = BCB6E6481B7D531C000D5B34 /* ORKPieChartView.h */; settings = {ATTRIBUTES = (Public, ); }; };
		BCB6E64B1B7D531C000D5B34 /* ORKPieChartView.m in Sources */ = {isa = PBXBuildFile; fileRef = BCB6E6491B7D531C000D5B34 /* ORKPieChartView.m */; };
		BCB6E6501B7D533B000D5B34 /* ORKPieChartLegendCollectionViewLayout.h in Headers */ = {isa = PBXBuildFile; fileRef = BCB6E64C1B7D533B000D5B34 /* ORKPieChartLegendCollectionViewLayout.h */; };
		BCB6E6511B7D533B000D5B34 /* ORKPieChartLegendCollectionViewLayout.m in Sources */ = {isa = PBXBuildFile; fileRef = BCB6E64D1B7D533B000D5B34 /* ORKPieChartLegendCollectionViewLayout.m */; };
		BCB6E6521B7D533B000D5B34 /* ORKPieChartLegendCell.h in Headers */ = {isa = PBXBuildFile; fileRef = BCB6E64E1B7D533B000D5B34 /* ORKPieChartLegendCell.h */; };
		BCB6E6531B7D533B000D5B34 /* ORKPieChartLegendCell.m in Sources */ = {isa = PBXBuildFile; fileRef = BCB6E64F1B7D533B000D5B34 /* ORKPieChartLegendCell.m */; };
		BCB6E65B1B7D534C000D5B34 /* ORKDiscreteGraphChartView.h in Headers */ = {isa = PBXBuildFile; fileRef = BCB6E6541B7D534C000D5B34 /* ORKDiscreteGraphChartView.h */; settings = {ATTRIBUTES = (Public, ); }; };
		BCB6E65C1B7D534C000D5B34 /* ORKDiscreteGraphChartView.m in Sources */ = {isa = PBXBuildFile; fileRef = BCB6E6551B7D534C000D5B34 /* ORKDiscreteGraphChartView.m */; };
		BCB6E65D1B7D534C000D5B34 /* ORKGraphChartView_Internal.h in Headers */ = {isa = PBXBuildFile; fileRef = BCB6E6561B7D534C000D5B34 /* ORKGraphChartView_Internal.h */; };
		BCB6E65E1B7D534C000D5B34 /* ORKGraphChartView.h in Headers */ = {isa = PBXBuildFile; fileRef = BCB6E6571B7D534C000D5B34 /* ORKGraphChartView.h */; settings = {ATTRIBUTES = (Public, ); }; };
		BCB6E65F1B7D534C000D5B34 /* ORKGraphChartView.m in Sources */ = {isa = PBXBuildFile; fileRef = BCB6E6581B7D534C000D5B34 /* ORKGraphChartView.m */; };
		BCB6E6601B7D534C000D5B34 /* ORKLineGraphChartView.h in Headers */ = {isa = PBXBuildFile; fileRef = BCB6E6591B7D534C000D5B34 /* ORKLineGraphChartView.h */; settings = {ATTRIBUTES = (Public, ); }; };
		BCB6E6611B7D534C000D5B34 /* ORKLineGraphChartView.m in Sources */ = {isa = PBXBuildFile; fileRef = BCB6E65A1B7D534C000D5B34 /* ORKLineGraphChartView.m */; };
		BCB6E6661B7D535F000D5B34 /* ORKXAxisView.h in Headers */ = {isa = PBXBuildFile; fileRef = BCB6E6621B7D535F000D5B34 /* ORKXAxisView.h */; };
		BCB6E6671B7D535F000D5B34 /* ORKXAxisView.m in Sources */ = {isa = PBXBuildFile; fileRef = BCB6E6631B7D535F000D5B34 /* ORKXAxisView.m */; };
		BCB8133C1C98367A00346561 /* ORKTypes.h in Headers */ = {isa = PBXBuildFile; fileRef = BCB8133B1C98367A00346561 /* ORKTypes.h */; settings = {ATTRIBUTES = (Public, ); }; };
		BCB96C131B19C0EC002A0B96 /* ORKStepTests.m in Sources */ = {isa = PBXBuildFile; fileRef = BCB96C121B19C0EC002A0B96 /* ORKStepTests.m */; };
		BCC1CD9A1B7ED64F00D86886 /* ORKYAxisView.h in Headers */ = {isa = PBXBuildFile; fileRef = BCC1CD981B7ED64F00D86886 /* ORKYAxisView.h */; };
		BCC1CD9B1B7ED64F00D86886 /* ORKYAxisView.m in Sources */ = {isa = PBXBuildFile; fileRef = BCC1CD991B7ED64F00D86886 /* ORKYAxisView.m */; };
		BCD192DF1B81240400FCC08A /* ORKPieChartPieView.h in Headers */ = {isa = PBXBuildFile; fileRef = BCD192DD1B81240400FCC08A /* ORKPieChartPieView.h */; };
		BCD192E01B81240400FCC08A /* ORKPieChartPieView.m in Sources */ = {isa = PBXBuildFile; fileRef = BCD192DE1B81240400FCC08A /* ORKPieChartPieView.m */; };
		BCD192E71B81243900FCC08A /* ORKPieChartLegendView.h in Headers */ = {isa = PBXBuildFile; fileRef = BCD192E51B81243900FCC08A /* ORKPieChartLegendView.h */; };
		BCD192E81B81243900FCC08A /* ORKPieChartLegendView.m in Sources */ = {isa = PBXBuildFile; fileRef = BCD192E61B81243900FCC08A /* ORKPieChartLegendView.m */; };
		BCD192EB1B81245500FCC08A /* ORKPieChartTitleTextView.h in Headers */ = {isa = PBXBuildFile; fileRef = BCD192E91B81245500FCC08A /* ORKPieChartTitleTextView.h */; };
		BCD192EC1B81245500FCC08A /* ORKPieChartTitleTextView.m in Sources */ = {isa = PBXBuildFile; fileRef = BCD192EA1B81245500FCC08A /* ORKPieChartTitleTextView.m */; };
		BCD192EE1B81255F00FCC08A /* ORKPieChartView_Internal.h in Headers */ = {isa = PBXBuildFile; fileRef = BCD192ED1B81255F00FCC08A /* ORKPieChartView_Internal.h */; };
		FA7A9D2B1B082688005A2BEA /* ORKConsentDocumentTests.m in Sources */ = {isa = PBXBuildFile; fileRef = FA7A9D2A1B082688005A2BEA /* ORKConsentDocumentTests.m */; };
		FA7A9D371B09365F005A2BEA /* ORKConsentSectionFormatterTests.m in Sources */ = {isa = PBXBuildFile; fileRef = FA7A9D361B09365F005A2BEA /* ORKConsentSectionFormatterTests.m */; };
		FA7A9D391B0969A7005A2BEA /* ORKConsentSignatureFormatterTests.m in Sources */ = {isa = PBXBuildFile; fileRef = FA7A9D381B0969A7005A2BEA /* ORKConsentSignatureFormatterTests.m */; };
/* End PBXBuildFile section */

/* Begin PBXContainerItemProxy section */
		86CC8EA11AC09332001CCD89 /* PBXContainerItemProxy */ = {
			isa = PBXContainerItemProxy;
			containerPortal = 3FFF18351829DB1D00167070 /* Project object */;
			proxyType = 1;
			remoteGlobalIDString = B183A4731A8535D100C76870;
			remoteInfo = OpenResearchKit;
		};
		B11DF3B01AA10795009E76D2 /* PBXContainerItemProxy */ = {
			isa = PBXContainerItemProxy;
			containerPortal = 3FFF18351829DB1D00167070 /* Project object */;
			proxyType = 1;
			remoteGlobalIDString = B183A4731A8535D100C76870;
			remoteInfo = OpenResearchKit;
		};
/* End PBXContainerItemProxy section */

/* Begin PBXFileReference section */
		2433C9E11B9A506F0052D375 /* ORKKeychainWrapper.h */ = {isa = PBXFileReference; fileEncoding = 4; lastKnownFileType = sourcecode.c.h; path = ORKKeychainWrapper.h; sourceTree = "<group>"; };
		2433C9E21B9A506F0052D375 /* ORKKeychainWrapper.m */ = {isa = PBXFileReference; fileEncoding = 4; lastKnownFileType = sourcecode.c.objc; path = ORKKeychainWrapper.m; sourceTree = "<group>"; };
		248604051B4C98760010C8A0 /* ORKAnswerFormatTests.m */ = {isa = PBXFileReference; fileEncoding = 4; lastKnownFileType = sourcecode.c.objc; path = ORKAnswerFormatTests.m; sourceTree = "<group>"; };
		2EBFE11C1AE1B32D00CB8254 /* ORKUIViewAccessibilityTests.m */ = {isa = PBXFileReference; fileEncoding = 4; lastKnownFileType = sourcecode.c.objc; path = ORKUIViewAccessibilityTests.m; sourceTree = "<group>"; };
		2EBFE11F1AE1B74100CB8254 /* ORKVoiceEngineTests.m */ = {isa = PBXFileReference; fileEncoding = 4; lastKnownFileType = sourcecode.c.objc; path = ORKVoiceEngineTests.m; sourceTree = "<group>"; };
		6146D0A11B84A91E0068491D /* ORKLineGraphAccessibilityElement.h */ = {isa = PBXFileReference; fileEncoding = 4; lastKnownFileType = sourcecode.c.h; path = ORKLineGraphAccessibilityElement.h; sourceTree = "<group>"; };
		6146D0A21B84A91E0068491D /* ORKLineGraphAccessibilityElement.m */ = {isa = PBXFileReference; fileEncoding = 4; lastKnownFileType = sourcecode.c.objc; path = ORKLineGraphAccessibilityElement.m; sourceTree = "<group>"; };
		618DA0481A93D0D600E63AA8 /* ORKAccessibility.h */ = {isa = PBXFileReference; fileEncoding = 4; lastKnownFileType = sourcecode.c.h; path = ORKAccessibility.h; sourceTree = "<group>"; };
		618DA0491A93D0D600E63AA8 /* ORKAccessibilityFunctions.h */ = {isa = PBXFileReference; fileEncoding = 4; lastKnownFileType = sourcecode.c.h; path = ORKAccessibilityFunctions.h; sourceTree = "<group>"; };
		618DA04A1A93D0D600E63AA8 /* ORKAccessibilityFunctions.m */ = {isa = PBXFileReference; fileEncoding = 4; lastKnownFileType = sourcecode.c.objc; path = ORKAccessibilityFunctions.m; sourceTree = "<group>"; };
		618DA04B1A93D0D600E63AA8 /* UIView+ORKAccessibility.h */ = {isa = PBXFileReference; fileEncoding = 4; lastKnownFileType = sourcecode.c.h; lineEnding = 0; path = "UIView+ORKAccessibility.h"; sourceTree = "<group>"; xcLanguageSpecificationIdentifier = xcode.lang.objcpp; };
		618DA04C1A93D0D600E63AA8 /* UIView+ORKAccessibility.m */ = {isa = PBXFileReference; fileEncoding = 4; lastKnownFileType = sourcecode.c.objc; lineEnding = 0; path = "UIView+ORKAccessibility.m"; sourceTree = "<group>"; xcLanguageSpecificationIdentifier = xcode.lang.objc; };
		86C40B7B1A8D7C5C00081FAC /* ORKDefines.h */ = {isa = PBXFileReference; fileEncoding = 4; lastKnownFileType = sourcecode.c.h; path = ORKDefines.h; sourceTree = "<group>"; };
		86C40B7C1A8D7C5C00081FAC /* ORKHelpers_Private.h */ = {isa = PBXFileReference; fileEncoding = 4; lastKnownFileType = sourcecode.c.h; path = ORKHelpers_Private.h; sourceTree = "<group>"; };
		86C40B7D1A8D7C5C00081FAC /* ORKErrors.h */ = {isa = PBXFileReference; fileEncoding = 4; lastKnownFileType = sourcecode.c.h; path = ORKErrors.h; sourceTree = "<group>"; };
		86C40B7E1A8D7C5C00081FAC /* ORKErrors.m */ = {isa = PBXFileReference; fileEncoding = 4; lastKnownFileType = sourcecode.c.objc; path = ORKErrors.m; sourceTree = "<group>"; };
		86C40B8C1A8D7C5C00081FAC /* ORKHelpers_Internal.h */ = {isa = PBXFileReference; fileEncoding = 4; lastKnownFileType = sourcecode.c.h; path = ORKHelpers_Internal.h; sourceTree = "<group>"; };
		86C40B8D1A8D7C5C00081FAC /* ORKHelpers.m */ = {isa = PBXFileReference; fileEncoding = 4; lastKnownFileType = sourcecode.c.objc; lineEnding = 0; path = ORKHelpers.m; sourceTree = "<group>"; xcLanguageSpecificationIdentifier = xcode.lang.objc; };
		86C40BB71A8D7C5C00081FAC /* ORKSkin.h */ = {isa = PBXFileReference; fileEncoding = 4; lastKnownFileType = sourcecode.c.h; path = ORKSkin.h; sourceTree = "<group>"; };
		86C40BB81A8D7C5C00081FAC /* ORKSkin.m */ = {isa = PBXFileReference; fileEncoding = 4; lastKnownFileType = sourcecode.c.objc; path = ORKSkin.m; sourceTree = "<group>"; };
		86C40BB91A8D7C5C00081FAC /* ORKStep.h */ = {isa = PBXFileReference; fileEncoding = 4; lastKnownFileType = sourcecode.c.h; path = ORKStep.h; sourceTree = "<group>"; };
		86C40BBA1A8D7C5C00081FAC /* ORKStep.m */ = {isa = PBXFileReference; fileEncoding = 4; lastKnownFileType = sourcecode.c.objc; lineEnding = 0; path = ORKStep.m; sourceTree = "<group>"; xcLanguageSpecificationIdentifier = xcode.lang.objc; };
		86C40BBB1A8D7C5C00081FAC /* ORKStep_Private.h */ = {isa = PBXFileReference; fileEncoding = 4; lastKnownFileType = sourcecode.c.h; path = ORKStep_Private.h; sourceTree = "<group>"; };
		86C40C101A8D7C5C00081FAC /* Info.plist */ = {isa = PBXFileReference; fileEncoding = 4; lastKnownFileType = text.plist.xml; path = Info.plist; sourceTree = "<group>"; };
		86CC8E9A1AC09332001CCD89 /* ResearchKitTests.xctest */ = {isa = PBXFileReference; explicitFileType = wrapper.cfbundle; includeInIndex = 0; path = ResearchKitTests.xctest; sourceTree = BUILT_PRODUCTS_DIR; };
		86CC8EA71AC09383001CCD89 /* Info.plist */ = {isa = PBXFileReference; fileEncoding = 4; lastKnownFileType = text.plist.xml; path = Info.plist; sourceTree = "<group>"; };
		86CC8EA81AC09383001CCD89 /* ORKAccessibilityTests.m */ = {isa = PBXFileReference; fileEncoding = 4; lastKnownFileType = sourcecode.c.objc; path = ORKAccessibilityTests.m; sourceTree = "<group>"; };
		86CC8EA91AC09383001CCD89 /* ORKChoiceAnswerFormatHelperTests.m */ = {isa = PBXFileReference; fileEncoding = 4; lastKnownFileType = sourcecode.c.objc; path = ORKChoiceAnswerFormatHelperTests.m; sourceTree = "<group>"; };
		86CC8EAA1AC09383001CCD89 /* ORKConsentTests.m */ = {isa = PBXFileReference; fileEncoding = 4; lastKnownFileType = sourcecode.c.objc; path = ORKConsentTests.m; sourceTree = "<group>"; };
		86CC8EAB1AC09383001CCD89 /* ORKDataLoggerManagerTests.m */ = {isa = PBXFileReference; fileEncoding = 4; lastKnownFileType = sourcecode.c.objc; path = ORKDataLoggerManagerTests.m; sourceTree = "<group>"; };
		86CC8EAC1AC09383001CCD89 /* ORKDataLoggerTests.m */ = {isa = PBXFileReference; fileEncoding = 4; lastKnownFileType = sourcecode.c.objc; path = ORKDataLoggerTests.m; sourceTree = "<group>"; };
		86CC8EAD1AC09383001CCD89 /* ORKHKSampleTests.m */ = {isa = PBXFileReference; fileEncoding = 4; lastKnownFileType = sourcecode.c.objc; path = ORKHKSampleTests.m; sourceTree = "<group>"; };
		86CC8EAF1AC09383001CCD89 /* ORKResultTests.m */ = {isa = PBXFileReference; fileEncoding = 4; lastKnownFileType = sourcecode.c.objc; path = ORKResultTests.m; sourceTree = "<group>"; };
		86CC8EB01AC09383001CCD89 /* ORKTextChoiceCellGroupTests.m */ = {isa = PBXFileReference; fileEncoding = 4; lastKnownFileType = sourcecode.c.objc; path = ORKTextChoiceCellGroupTests.m; sourceTree = "<group>"; };
		86D348001AC16175006DB02B /* ORKRecorderTests.m */ = {isa = PBXFileReference; fileEncoding = 4; lastKnownFileType = sourcecode.c.objc; lineEnding = 0; path = ORKRecorderTests.m; sourceTree = "<group>"; xcLanguageSpecificationIdentifier = xcode.lang.objc; };
		B11DF3B31AA109C8009E76D2 /* AppledocSettings.plist */ = {isa = PBXFileReference; lastKnownFileType = text.plist.xml; path = AppledocSettings.plist; sourceTree = "<group>"; };
		B11DF4C21AA10D70009E76D2 /* tr */ = {isa = PBXFileReference; lastKnownFileType = text.plist.strings; name = tr; path = tr.lproj/ResearchKit.strings; sourceTree = "<group>"; };
		B14660481AA10DD7002F95C2 /* zh_TW */ = {isa = PBXFileReference; explicitFileType = text.plist.strings; name = zh_TW; path = zh_TW.lproj/ResearchKit.strings; sourceTree = "<group>"; };
		B183A5951A8535D100C76870 /* ResearchKit.framework */ = {isa = PBXFileReference; explicitFileType = wrapper.framework; includeInIndex = 0; path = ResearchKit.framework; sourceTree = BUILT_PRODUCTS_DIR; };
		B18AABE01A9F08D9003871B5 /* ResearchKit.modulemap */ = {isa = PBXFileReference; lastKnownFileType = "sourcecode.module-map"; path = ResearchKit.modulemap; sourceTree = "<group>"; };
		B1B349E41AA10DED005FAD66 /* zh_HK */ = {isa = PBXFileReference; explicitFileType = text.plist.strings; name = zh_HK; path = zh_HK.lproj/ResearchKit.strings; sourceTree = "<group>"; };
		B1B349E51AA10DF8005FAD66 /* zh_CN */ = {isa = PBXFileReference; explicitFileType = text.plist.strings; name = zh_CN; path = zh_CN.lproj/ResearchKit.strings; sourceTree = "<group>"; };
		B1B349E61AA10E02005FAD66 /* vi */ = {isa = PBXFileReference; explicitFileType = text.plist.strings; name = vi; path = vi.lproj/ResearchKit.strings; sourceTree = "<group>"; };
		B1B349E71AA10E0B005FAD66 /* uk */ = {isa = PBXFileReference; explicitFileType = text.plist.strings; name = uk; path = uk.lproj/ResearchKit.strings; sourceTree = "<group>"; };
		B1B349E81AA10E12005FAD66 /* th */ = {isa = PBXFileReference; explicitFileType = text.plist.strings; name = th; path = th.lproj/ResearchKit.strings; sourceTree = "<group>"; };
		B1B349E91AA10E27005FAD66 /* sv */ = {isa = PBXFileReference; explicitFileType = text.plist.strings; name = sv; path = sv.lproj/ResearchKit.strings; sourceTree = "<group>"; };
		B1B349EA1AA10E2E005FAD66 /* sk */ = {isa = PBXFileReference; explicitFileType = text.plist.strings; name = sk; path = sk.lproj/ResearchKit.strings; sourceTree = "<group>"; };
		B1B349EB1AA10E38005FAD66 /* ru */ = {isa = PBXFileReference; explicitFileType = text.plist.strings; name = ru; path = ru.lproj/ResearchKit.strings; sourceTree = "<group>"; };
		B1B349EC1AA10E40005FAD66 /* ro */ = {isa = PBXFileReference; explicitFileType = text.plist.strings; name = ro; path = ro.lproj/ResearchKit.strings; sourceTree = "<group>"; };
		B1B349ED1AA10E47005FAD66 /* pt */ = {isa = PBXFileReference; explicitFileType = text.plist.strings; name = pt; path = pt.lproj/ResearchKit.strings; sourceTree = "<group>"; };
		B1B349EE1AA10E4F005FAD66 /* pt_PT */ = {isa = PBXFileReference; explicitFileType = text.plist.strings; name = pt_PT; path = pt_PT.lproj/ResearchKit.strings; sourceTree = "<group>"; };
		B1B349EF1AA10E56005FAD66 /* pl */ = {isa = PBXFileReference; explicitFileType = text.plist.strings; name = pl; path = pl.lproj/ResearchKit.strings; sourceTree = "<group>"; };
		B1B349F01AA10E5E005FAD66 /* nl */ = {isa = PBXFileReference; explicitFileType = text.plist.strings; name = nl; path = nl.lproj/ResearchKit.strings; sourceTree = "<group>"; };
		B1B349F11AA10E65005FAD66 /* ms */ = {isa = PBXFileReference; explicitFileType = text.plist.strings; name = ms; path = ms.lproj/ResearchKit.strings; sourceTree = "<group>"; };
		B1B349F21AA10E6C005FAD66 /* ko */ = {isa = PBXFileReference; explicitFileType = text.plist.strings; name = ko; path = ko.lproj/ResearchKit.strings; sourceTree = "<group>"; };
		B1B349F31AA10E73005FAD66 /* ja */ = {isa = PBXFileReference; explicitFileType = text.plist.strings; name = ja; path = ja.lproj/ResearchKit.strings; sourceTree = "<group>"; };
		B1B349F41AA10E79005FAD66 /* it */ = {isa = PBXFileReference; explicitFileType = text.plist.strings; name = it; path = it.lproj/ResearchKit.strings; sourceTree = "<group>"; };
		B1B349F51AA10E80005FAD66 /* id */ = {isa = PBXFileReference; explicitFileType = text.plist.strings; name = id; path = id.lproj/ResearchKit.strings; sourceTree = "<group>"; };
		B1B349F61AA10E89005FAD66 /* hu */ = {isa = PBXFileReference; explicitFileType = text.plist.strings; name = hu; path = hu.lproj/ResearchKit.strings; sourceTree = "<group>"; };
		B1B349F71AA10E90005FAD66 /* hr */ = {isa = PBXFileReference; explicitFileType = text.plist.strings; name = hr; path = hr.lproj/ResearchKit.strings; sourceTree = "<group>"; };
		B1B349F81AA10E96005FAD66 /* hi */ = {isa = PBXFileReference; explicitFileType = text.plist.strings; name = hi; path = hi.lproj/ResearchKit.strings; sourceTree = "<group>"; };
		B1B349F91AA10E9C005FAD66 /* he */ = {isa = PBXFileReference; explicitFileType = text.plist.strings; name = he; path = he.lproj/ResearchKit.strings; sourceTree = "<group>"; };
		B1B349FA1AA10EA2005FAD66 /* fr */ = {isa = PBXFileReference; explicitFileType = text.plist.strings; name = fr; path = fr.lproj/ResearchKit.strings; sourceTree = "<group>"; };
		B1B349FB1AA10EA8005FAD66 /* fr_CA */ = {isa = PBXFileReference; explicitFileType = text.plist.strings; name = fr_CA; path = fr_CA.lproj/ResearchKit.strings; sourceTree = "<group>"; };
		B1B349FC1AA10EAE005FAD66 /* fi */ = {isa = PBXFileReference; explicitFileType = text.plist.strings; name = fi; path = fi.lproj/ResearchKit.strings; sourceTree = "<group>"; };
		B1B349FD1AA10EB4005FAD66 /* es */ = {isa = PBXFileReference; explicitFileType = text.plist.strings; name = es; path = es.lproj/ResearchKit.strings; sourceTree = "<group>"; };
		B1B349FE1AA10EBA005FAD66 /* es_MX */ = {isa = PBXFileReference; explicitFileType = text.plist.strings; name = es_MX; path = es_419.lproj/ResearchKit.strings; sourceTree = "<group>"; };
		B1B349FF1AA10EC1005FAD66 /* en_GB */ = {isa = PBXFileReference; explicitFileType = text.plist.strings; name = en_GB; path = en_GB.lproj/ResearchKit.strings; sourceTree = "<group>"; };
		B1B34A001AA10EC6005FAD66 /* en_AU */ = {isa = PBXFileReference; explicitFileType = text.plist.strings; name = en_AU; path = en_AU.lproj/ResearchKit.strings; sourceTree = "<group>"; };
		B1B34A011AA10ECB005FAD66 /* el */ = {isa = PBXFileReference; explicitFileType = text.plist.strings; name = el; path = el.lproj/ResearchKit.strings; sourceTree = "<group>"; };
		B1B34A021AA10ED1005FAD66 /* de */ = {isa = PBXFileReference; explicitFileType = text.plist.strings; name = de; path = de.lproj/ResearchKit.strings; sourceTree = "<group>"; };
		B1B34A031AA10ED5005FAD66 /* da */ = {isa = PBXFileReference; explicitFileType = text.plist.strings; name = da; path = da.lproj/ResearchKit.strings; sourceTree = "<group>"; };
		B1B34A041AA10EDA005FAD66 /* cs */ = {isa = PBXFileReference; explicitFileType = text.plist.strings; name = cs; path = cs.lproj/ResearchKit.strings; sourceTree = "<group>"; };
		B1B34A051AA10EDF005FAD66 /* ca */ = {isa = PBXFileReference; explicitFileType = text.plist.strings; name = ca; path = ca.lproj/ResearchKit.strings; sourceTree = "<group>"; };
		B1B34A061AA10EE4005FAD66 /* ar */ = {isa = PBXFileReference; explicitFileType = text.plist.strings; name = ar; path = ar.lproj/ResearchKit.strings; sourceTree = "<group>"; };
		B1B34A061AABBCCDDEEFFAAA /* no */ = {isa = PBXFileReference; explicitFileType = text.plist.strings; name = no; path = nb.lproj/ResearchKit.strings; sourceTree = "<group>"; };
		B1B894391A00345200C5CF2D /* ResearchKit_Private.h */ = {isa = PBXFileReference; fileEncoding = 4; lastKnownFileType = sourcecode.c.h; lineEnding = 0; path = ResearchKit_Private.h; sourceTree = "<group>"; xcLanguageSpecificationIdentifier = xcode.lang.objcpp; };
		B1C0F4E21A9BA65F0022C153 /* en */ = {isa = PBXFileReference; lastKnownFileType = text.plist.strings; name = en; path = en.lproj/ResearchKit.strings; sourceTree = "<group>"; };
		B1C1DE4F196F541F00F75544 /* ResearchKit.h */ = {isa = PBXFileReference; fileEncoding = 4; lastKnownFileType = sourcecode.c.h; path = ResearchKit.h; sourceTree = "<group>"; };
		BA87E26B20A79FA100B375A9 /* ORKRingView.h */ = {isa = PBXFileReference; lastKnownFileType = sourcecode.c.h; path = ORKRingView.h; sourceTree = "<group>"; };
		BA87E26C20A79FA100B375A9 /* ORKRingView.m */ = {isa = PBXFileReference; lastKnownFileType = sourcecode.c.objc; path = ORKRingView.m; sourceTree = "<group>"; };
		BC2908BB1FBD628F0030AB89 /* ORKTypes.m */ = {isa = PBXFileReference; fileEncoding = 4; lastKnownFileType = sourcecode.c.objc; path = ORKTypes.m; sourceTree = "<group>"; };
		BC4A213D1C85FC0000BFC271 /* ORKBarGraphChartView.h */ = {isa = PBXFileReference; fileEncoding = 4; lastKnownFileType = sourcecode.c.h; name = ORKBarGraphChartView.h; path = Charts/ORKBarGraphChartView.h; sourceTree = "<group>"; };
		BC4A213E1C85FC0000BFC271 /* ORKBarGraphChartView.m */ = {isa = PBXFileReference; fileEncoding = 4; lastKnownFileType = sourcecode.c.objc; name = ORKBarGraphChartView.m; path = Charts/ORKBarGraphChartView.m; sourceTree = "<group>"; };
		BC5FAF821C6901A200057CF1 /* ORKChartTypes.h */ = {isa = PBXFileReference; fileEncoding = 4; lastKnownFileType = sourcecode.c.h; name = ORKChartTypes.h; path = Charts/ORKChartTypes.h; sourceTree = "<group>"; };
		BC5FAF831C6901A200057CF1 /* ORKChartTypes.m */ = {isa = PBXFileReference; fileEncoding = 4; lastKnownFileType = sourcecode.c.objc; name = ORKChartTypes.m; path = Charts/ORKChartTypes.m; sourceTree = "<group>"; };
		BCAD50E71B0201EE0034806A /* ORKTaskTests.m */ = {isa = PBXFileReference; fileEncoding = 4; lastKnownFileType = sourcecode.c.objc; path = ORKTaskTests.m; sourceTree = "<group>"; };
		BCB6E6481B7D531C000D5B34 /* ORKPieChartView.h */ = {isa = PBXFileReference; fileEncoding = 4; lastKnownFileType = sourcecode.c.h; name = ORKPieChartView.h; path = Charts/ORKPieChartView.h; sourceTree = "<group>"; };
		BCB6E6491B7D531C000D5B34 /* ORKPieChartView.m */ = {isa = PBXFileReference; fileEncoding = 4; lastKnownFileType = sourcecode.c.objc; name = ORKPieChartView.m; path = Charts/ORKPieChartView.m; sourceTree = "<group>"; };
		BCB6E64C1B7D533B000D5B34 /* ORKPieChartLegendCollectionViewLayout.h */ = {isa = PBXFileReference; fileEncoding = 4; lastKnownFileType = sourcecode.c.h; name = ORKPieChartLegendCollectionViewLayout.h; path = Charts/ORKPieChartLegendCollectionViewLayout.h; sourceTree = "<group>"; };
		BCB6E64D1B7D533B000D5B34 /* ORKPieChartLegendCollectionViewLayout.m */ = {isa = PBXFileReference; fileEncoding = 4; lastKnownFileType = sourcecode.c.objc; name = ORKPieChartLegendCollectionViewLayout.m; path = Charts/ORKPieChartLegendCollectionViewLayout.m; sourceTree = "<group>"; };
		BCB6E64E1B7D533B000D5B34 /* ORKPieChartLegendCell.h */ = {isa = PBXFileReference; fileEncoding = 4; lastKnownFileType = sourcecode.c.h; name = ORKPieChartLegendCell.h; path = Charts/ORKPieChartLegendCell.h; sourceTree = "<group>"; };
		BCB6E64F1B7D533B000D5B34 /* ORKPieChartLegendCell.m */ = {isa = PBXFileReference; fileEncoding = 4; lastKnownFileType = sourcecode.c.objc; name = ORKPieChartLegendCell.m; path = Charts/ORKPieChartLegendCell.m; sourceTree = "<group>"; };
		BCB6E6541B7D534C000D5B34 /* ORKDiscreteGraphChartView.h */ = {isa = PBXFileReference; fileEncoding = 4; lastKnownFileType = sourcecode.c.h; name = ORKDiscreteGraphChartView.h; path = Charts/ORKDiscreteGraphChartView.h; sourceTree = "<group>"; };
		BCB6E6551B7D534C000D5B34 /* ORKDiscreteGraphChartView.m */ = {isa = PBXFileReference; fileEncoding = 4; lastKnownFileType = sourcecode.c.objc; name = ORKDiscreteGraphChartView.m; path = Charts/ORKDiscreteGraphChartView.m; sourceTree = "<group>"; };
		BCB6E6561B7D534C000D5B34 /* ORKGraphChartView_Internal.h */ = {isa = PBXFileReference; fileEncoding = 4; lastKnownFileType = sourcecode.c.h; name = ORKGraphChartView_Internal.h; path = Charts/ORKGraphChartView_Internal.h; sourceTree = "<group>"; };
		BCB6E6571B7D534C000D5B34 /* ORKGraphChartView.h */ = {isa = PBXFileReference; fileEncoding = 4; lastKnownFileType = sourcecode.c.h; name = ORKGraphChartView.h; path = Charts/ORKGraphChartView.h; sourceTree = "<group>"; };
		BCB6E6581B7D534C000D5B34 /* ORKGraphChartView.m */ = {isa = PBXFileReference; fileEncoding = 4; lastKnownFileType = sourcecode.c.objc; name = ORKGraphChartView.m; path = Charts/ORKGraphChartView.m; sourceTree = "<group>"; };
		BCB6E6591B7D534C000D5B34 /* ORKLineGraphChartView.h */ = {isa = PBXFileReference; fileEncoding = 4; lastKnownFileType = sourcecode.c.h; name = ORKLineGraphChartView.h; path = Charts/ORKLineGraphChartView.h; sourceTree = "<group>"; };
		BCB6E65A1B7D534C000D5B34 /* ORKLineGraphChartView.m */ = {isa = PBXFileReference; fileEncoding = 4; lastKnownFileType = sourcecode.c.objc; lineEnding = 0; name = ORKLineGraphChartView.m; path = Charts/ORKLineGraphChartView.m; sourceTree = "<group>"; xcLanguageSpecificationIdentifier = xcode.lang.objc; };
		BCB6E6621B7D535F000D5B34 /* ORKXAxisView.h */ = {isa = PBXFileReference; fileEncoding = 4; lastKnownFileType = sourcecode.c.h; name = ORKXAxisView.h; path = Charts/ORKXAxisView.h; sourceTree = "<group>"; };
		BCB6E6631B7D535F000D5B34 /* ORKXAxisView.m */ = {isa = PBXFileReference; fileEncoding = 4; lastKnownFileType = sourcecode.c.objc; name = ORKXAxisView.m; path = Charts/ORKXAxisView.m; sourceTree = "<group>"; };
		BCB8133B1C98367A00346561 /* ORKTypes.h */ = {isa = PBXFileReference; fileEncoding = 4; lastKnownFileType = sourcecode.c.h; path = ORKTypes.h; sourceTree = "<group>"; };
		BCB96C121B19C0EC002A0B96 /* ORKStepTests.m */ = {isa = PBXFileReference; fileEncoding = 4; lastKnownFileType = sourcecode.c.objc; path = ORKStepTests.m; sourceTree = "<group>"; };
		BCC1CD981B7ED64F00D86886 /* ORKYAxisView.h */ = {isa = PBXFileReference; fileEncoding = 4; lastKnownFileType = sourcecode.c.h; name = ORKYAxisView.h; path = Charts/ORKYAxisView.h; sourceTree = "<group>"; };
		BCC1CD991B7ED64F00D86886 /* ORKYAxisView.m */ = {isa = PBXFileReference; fileEncoding = 4; lastKnownFileType = sourcecode.c.objc; lineEnding = 0; name = ORKYAxisView.m; path = Charts/ORKYAxisView.m; sourceTree = "<group>"; xcLanguageSpecificationIdentifier = xcode.lang.objc; };
		BCD192DD1B81240400FCC08A /* ORKPieChartPieView.h */ = {isa = PBXFileReference; fileEncoding = 4; lastKnownFileType = sourcecode.c.h; name = ORKPieChartPieView.h; path = Charts/ORKPieChartPieView.h; sourceTree = "<group>"; };
		BCD192DE1B81240400FCC08A /* ORKPieChartPieView.m */ = {isa = PBXFileReference; fileEncoding = 4; lastKnownFileType = sourcecode.c.objc; name = ORKPieChartPieView.m; path = Charts/ORKPieChartPieView.m; sourceTree = "<group>"; };
		BCD192E51B81243900FCC08A /* ORKPieChartLegendView.h */ = {isa = PBXFileReference; fileEncoding = 4; lastKnownFileType = sourcecode.c.h; name = ORKPieChartLegendView.h; path = Charts/ORKPieChartLegendView.h; sourceTree = "<group>"; };
		BCD192E61B81243900FCC08A /* ORKPieChartLegendView.m */ = {isa = PBXFileReference; fileEncoding = 4; lastKnownFileType = sourcecode.c.objc; name = ORKPieChartLegendView.m; path = Charts/ORKPieChartLegendView.m; sourceTree = "<group>"; };
		BCD192E91B81245500FCC08A /* ORKPieChartTitleTextView.h */ = {isa = PBXFileReference; fileEncoding = 4; lastKnownFileType = sourcecode.c.h; name = ORKPieChartTitleTextView.h; path = Charts/ORKPieChartTitleTextView.h; sourceTree = "<group>"; };
		BCD192EA1B81245500FCC08A /* ORKPieChartTitleTextView.m */ = {isa = PBXFileReference; fileEncoding = 4; lastKnownFileType = sourcecode.c.objc; name = ORKPieChartTitleTextView.m; path = Charts/ORKPieChartTitleTextView.m; sourceTree = "<group>"; };
		BCD192ED1B81255F00FCC08A /* ORKPieChartView_Internal.h */ = {isa = PBXFileReference; fileEncoding = 4; lastKnownFileType = sourcecode.c.h; name = ORKPieChartView_Internal.h; path = Charts/ORKPieChartView_Internal.h; sourceTree = "<group>"; };
		FA7A9D2A1B082688005A2BEA /* ORKConsentDocumentTests.m */ = {isa = PBXFileReference; fileEncoding = 4; lastKnownFileType = sourcecode.c.objc; path = ORKConsentDocumentTests.m; sourceTree = "<group>"; };
		FA7A9D361B09365F005A2BEA /* ORKConsentSectionFormatterTests.m */ = {isa = PBXFileReference; fileEncoding = 4; lastKnownFileType = sourcecode.c.objc; path = ORKConsentSectionFormatterTests.m; sourceTree = "<group>"; };
		FA7A9D381B0969A7005A2BEA /* ORKConsentSignatureFormatterTests.m */ = {isa = PBXFileReference; fileEncoding = 4; lastKnownFileType = sourcecode.c.objc; path = ORKConsentSignatureFormatterTests.m; sourceTree = "<group>"; };
		FB30E8571C7D030F0005AD25 /* ORKTextButton_Internal.h */ = {isa = PBXFileReference; lastKnownFileType = sourcecode.c.h; name = ORKTextButton_Internal.h; path = ../../../ResearchKit/ResearchKit/Common/ORKTextButton_Internal.h; sourceTree = "<group>"; };
/* End PBXFileReference section */

/* Begin PBXFrameworksBuildPhase section */
		86CC8E971AC09332001CCD89 /* Frameworks */ = {
			isa = PBXFrameworksBuildPhase;
			buildActionMask = 2147483647;
			files = (
				BC40696121104DDF00A4100C /* ResearchKit.framework in Frameworks */,
			);
			runOnlyForDeploymentPostprocessing = 0;
		};
		B183A5591A8535D100C76870 /* Frameworks */ = {
			isa = PBXFrameworksBuildPhase;
			buildActionMask = 2147483647;
			files = (
			);
			runOnlyForDeploymentPostprocessing = 0;
		};
/* End PBXFrameworksBuildPhase section */

/* Begin PBXGroup section */
		24B3535D1BB21137009ED6F8 /* Utilities */ = {
			isa = PBXGroup;
			children = (
				2433C9E11B9A506F0052D375 /* ORKKeychainWrapper.h */,
				2433C9E21B9A506F0052D375 /* ORKKeychainWrapper.m */,
				86C40B8C1A8D7C5C00081FAC /* ORKHelpers_Internal.h */,
				86C40B7C1A8D7C5C00081FAC /* ORKHelpers_Private.h */,
				86C40B8D1A8D7C5C00081FAC /* ORKHelpers.m */,
			);
			name = Utilities;
			sourceTree = "<group>";
		};
		259E76FB1AFFAEAC0070F786 /* Charts */ = {
			isa = PBXGroup;
			children = (
				25BD76671B00B37100478C5D /* Pie */,
				25BD76601B00A5CF00478C5D /* Graphs */,
			);
			name = Charts;
			sourceTree = "<group>";
		};
		25BD76601B00A5CF00478C5D /* Graphs */ = {
			isa = PBXGroup;
			children = (
				25BD76611B00A5E700478C5D /* Components */,
				BC4A213D1C85FC0000BFC271 /* ORKBarGraphChartView.h */,
				BC4A213E1C85FC0000BFC271 /* ORKBarGraphChartView.m */,
				BCB6E6541B7D534C000D5B34 /* ORKDiscreteGraphChartView.h */,
				BCB6E6551B7D534C000D5B34 /* ORKDiscreteGraphChartView.m */,
				BC5FAF821C6901A200057CF1 /* ORKChartTypes.h */,
				BC5FAF831C6901A200057CF1 /* ORKChartTypes.m */,
				BCB6E6561B7D534C000D5B34 /* ORKGraphChartView_Internal.h */,
				BCB6E6571B7D534C000D5B34 /* ORKGraphChartView.h */,
				BCB6E6581B7D534C000D5B34 /* ORKGraphChartView.m */,
				BCB6E6591B7D534C000D5B34 /* ORKLineGraphChartView.h */,
				BCB6E65A1B7D534C000D5B34 /* ORKLineGraphChartView.m */,
			);
			name = Graphs;
			sourceTree = "<group>";
		};
		25BD76611B00A5E700478C5D /* Components */ = {
			isa = PBXGroup;
			children = (
				BCC1CD981B7ED64F00D86886 /* ORKYAxisView.h */,
				BCC1CD991B7ED64F00D86886 /* ORKYAxisView.m */,
				BCB6E6621B7D535F000D5B34 /* ORKXAxisView.h */,
				BCB6E6631B7D535F000D5B34 /* ORKXAxisView.m */,
			);
			name = Components;
			sourceTree = "<group>";
		};
		25BD76671B00B37100478C5D /* Pie */ = {
			isa = PBXGroup;
			children = (
				25C17CBB1B2058D4001ADDD2 /* Components */,
				BCD192ED1B81255F00FCC08A /* ORKPieChartView_Internal.h */,
				BCB6E6481B7D531C000D5B34 /* ORKPieChartView.h */,
				BCB6E6491B7D531C000D5B34 /* ORKPieChartView.m */,
			);
			name = Pie;
			sourceTree = "<group>";
		};
		25C17CBB1B2058D4001ADDD2 /* Components */ = {
			isa = PBXGroup;
			children = (
				BCB6E64C1B7D533B000D5B34 /* ORKPieChartLegendCollectionViewLayout.h */,
				BCB6E64D1B7D533B000D5B34 /* ORKPieChartLegendCollectionViewLayout.m */,
				BCB6E64E1B7D533B000D5B34 /* ORKPieChartLegendCell.h */,
				BCB6E64F1B7D533B000D5B34 /* ORKPieChartLegendCell.m */,
				BCD192DD1B81240400FCC08A /* ORKPieChartPieView.h */,
				BCD192DE1B81240400FCC08A /* ORKPieChartPieView.m */,
				BCD192E51B81243900FCC08A /* ORKPieChartLegendView.h */,
				BCD192E61B81243900FCC08A /* ORKPieChartLegendView.m */,
				BCD192E91B81245500FCC08A /* ORKPieChartTitleTextView.h */,
				BCD192EA1B81245500FCC08A /* ORKPieChartTitleTextView.m */,
			);
			name = Components;
			sourceTree = "<group>";
		};
		3FFF18341829DB1D00167070 = {
			isa = PBXGroup;
			children = (
				B11DF3B21AA109C8009E76D2 /* docs */,
				86B623AF19520B770074CD3C /* ResearchKit */,
				86CC8EA61AC09383001CCD89 /* ResearchKitTests */,
				3FFF183F1829DB1D00167070 /* Frameworks */,
				3FFF183E1829DB1D00167070 /* Products */,
				8419D66A1FB73C5A0088D7E5 /* Recovered References */,
			);
			sourceTree = "<group>";
		};
		3FFF183E1829DB1D00167070 /* Products */ = {
			isa = PBXGroup;
			children = (
				B183A5951A8535D100C76870 /* ResearchKit.framework */,
				86CC8E9A1AC09332001CCD89 /* ResearchKitTests.xctest */,
			);
			name = Products;
			sourceTree = "<group>";
		};
		3FFF183F1829DB1D00167070 /* Frameworks */ = {
			isa = PBXGroup;
			children = (
			);
			name = Frameworks;
			sourceTree = "<group>";
		};
		618DA0471A93D0D600E63AA8 /* Accessibility */ = {
			isa = PBXGroup;
			children = (
				618DA0481A93D0D600E63AA8 /* ORKAccessibility.h */,
				618DA0491A93D0D600E63AA8 /* ORKAccessibilityFunctions.h */,
				618DA04A1A93D0D600E63AA8 /* ORKAccessibilityFunctions.m */,
				618DA04B1A93D0D600E63AA8 /* UIView+ORKAccessibility.h */,
				618DA04C1A93D0D600E63AA8 /* UIView+ORKAccessibility.m */,
				6146D0A11B84A91E0068491D /* ORKLineGraphAccessibilityElement.h */,
				6146D0A21B84A91E0068491D /* ORKLineGraphAccessibilityElement.m */,
			);
			path = Accessibility;
			sourceTree = "<group>";
		};
		8419D66A1FB73C5A0088D7E5 /* Recovered References */ = {
			isa = PBXGroup;
			children = (
				FB30E8571C7D030F0005AD25 /* ORKTextButton_Internal.h */,
			);
			name = "Recovered References";
			sourceTree = "<group>";
		};
		86B623AF19520B770074CD3C /* ResearchKit */ = {
			isa = PBXGroup;
			children = (
				B1C1DE4F196F541F00F75544 /* ResearchKit.h */,
				B1B894391A00345200C5CF2D /* ResearchKit_Private.h */,
				86C40B511A8D7C5B00081FAC /* Common */,
				259E76FB1AFFAEAC0070F786 /* Charts */,
				618DA0471A93D0D600E63AA8 /* Accessibility */,
				B1C0F4E01A9BA65F0022C153 /* Localized */,
				86C40C101A8D7C5C00081FAC /* Info.plist */,
				B18AABE01A9F08D9003871B5 /* ResearchKit.modulemap */,
			);
			path = ResearchKit;
			sourceTree = "<group>";
		};
		86C40B511A8D7C5B00081FAC /* Common */ = {
			isa = PBXGroup;
			children = (
				BA87E26A20A79F5F00B375A9 /* Ring View */,
				B12EFF3D1AB2121000A80147 /* Definitions */,
				B12EFF311AB2100400A80147 /* Skin */,
				B12EFF341AB2111200A80147 /* Step */,
				24B3535D1BB21137009ED6F8 /* Utilities */,
			);
			path = Common;
			sourceTree = "<group>";
		};
		86CC8EA61AC09383001CCD89 /* ResearchKitTests */ = {
			isa = PBXGroup;
			children = (
				FA7A9D351B09362D005A2BEA /* Consent */,
				86CC8EA71AC09383001CCD89 /* Info.plist */,
				86CC8EA81AC09383001CCD89 /* ORKAccessibilityTests.m */,
				248604051B4C98760010C8A0 /* ORKAnswerFormatTests.m */,
				86CC8EA91AC09383001CCD89 /* ORKChoiceAnswerFormatHelperTests.m */,
				86CC8EAB1AC09383001CCD89 /* ORKDataLoggerManagerTests.m */,
				86CC8EAC1AC09383001CCD89 /* ORKDataLoggerTests.m */,
				86CC8EAD1AC09383001CCD89 /* ORKHKSampleTests.m */,
				86D348001AC16175006DB02B /* ORKRecorderTests.m */,
				86CC8EAF1AC09383001CCD89 /* ORKResultTests.m */,
				BCB96C121B19C0EC002A0B96 /* ORKStepTests.m */,
				BCAD50E71B0201EE0034806A /* ORKTaskTests.m */,
				86CC8EB01AC09383001CCD89 /* ORKTextChoiceCellGroupTests.m */,
				2EBFE11C1AE1B32D00CB8254 /* ORKUIViewAccessibilityTests.m */,
				2EBFE11F1AE1B74100CB8254 /* ORKVoiceEngineTests.m */,
			);
			path = ResearchKitTests;
			sourceTree = "<group>";
		};
		B11DF3B21AA109C8009E76D2 /* docs */ = {
			isa = PBXGroup;
			children = (
				B11DF3B31AA109C8009E76D2 /* AppledocSettings.plist */,
			);
			path = docs;
			sourceTree = "<group>";
		};
		B12EFF311AB2100400A80147 /* Skin */ = {
			isa = PBXGroup;
			children = (
				86C40BB71A8D7C5C00081FAC /* ORKSkin.h */,
				86C40BB81A8D7C5C00081FAC /* ORKSkin.m */,
			);
			name = Skin;
			sourceTree = "<group>";
		};
		B12EFF341AB2111200A80147 /* Step */ = {
			isa = PBXGroup;
			children = (
				86C40BB91A8D7C5C00081FAC /* ORKStep.h */,
				86C40BBA1A8D7C5C00081FAC /* ORKStep.m */,
				86C40BBB1A8D7C5C00081FAC /* ORKStep_Private.h */,
			);
			name = Step;
			sourceTree = "<group>";
		};
		B12EFF3D1AB2121000A80147 /* Definitions */ = {
			isa = PBXGroup;
			children = (
				BC2908BB1FBD628F0030AB89 /* ORKTypes.m */,
				BCB8133B1C98367A00346561 /* ORKTypes.h */,
				86C40B7B1A8D7C5C00081FAC /* ORKDefines.h */,
				86C40B7D1A8D7C5C00081FAC /* ORKErrors.h */,
				86C40B7E1A8D7C5C00081FAC /* ORKErrors.m */,
			);
			name = Definitions;
			sourceTree = "<group>";
		};
		B1C0F4E01A9BA65F0022C153 /* Localized */ = {
			isa = PBXGroup;
			children = (
				B1C0F4E11A9BA65F0022C153 /* ResearchKit.strings */,
			);
			path = Localized;
			sourceTree = "<group>";
		};
		BA87E26A20A79F5F00B375A9 /* Ring View */ = {
			isa = PBXGroup;
			children = (
				BA87E26B20A79FA100B375A9 /* ORKRingView.h */,
				BA87E26C20A79FA100B375A9 /* ORKRingView.m */,
			);
			name = "Ring View";
			sourceTree = "<group>";
		};
		FA7A9D351B09362D005A2BEA /* Consent */ = {
			isa = PBXGroup;
			children = (
				86CC8EAA1AC09383001CCD89 /* ORKConsentTests.m */,
				FA7A9D2A1B082688005A2BEA /* ORKConsentDocumentTests.m */,
				FA7A9D361B09365F005A2BEA /* ORKConsentSectionFormatterTests.m */,
				FA7A9D381B0969A7005A2BEA /* ORKConsentSignatureFormatterTests.m */,
			);
			name = Consent;
			sourceTree = "<group>";
		};
/* End PBXGroup section */

/* Begin PBXHeadersBuildPhase section */
		B183A4741A8535D100C76870 /* Headers */ = {
			isa = PBXHeadersBuildPhase;
			buildActionMask = 2147483647;
			files = (
				BCB6E65B1B7D534C000D5B34 /* ORKDiscreteGraphChartView.h in Headers */,
				86C40D8E1A8D7C5C00081FAC /* ORKStep.h in Headers */,
				618DA04E1A93D0D600E63AA8 /* ORKAccessibility.h in Headers */,
				BCD192EE1B81255F00FCC08A /* ORKPieChartView_Internal.h in Headers */,
				BCD192DF1B81240400FCC08A /* ORKPieChartPieView.h in Headers */,
				BCB8133C1C98367A00346561 /* ORKTypes.h in Headers */,
				BCB6E6501B7D533B000D5B34 /* ORKPieChartLegendCollectionViewLayout.h in Headers */,
				BCB6E65D1B7D534C000D5B34 /* ORKGraphChartView_Internal.h in Headers */,
				618DA0541A93D0D600E63AA8 /* UIView+ORKAccessibility.h in Headers */,
				618DA0501A93D0D600E63AA8 /* ORKAccessibilityFunctions.h in Headers */,
				BCD192EB1B81245500FCC08A /* ORKPieChartTitleTextView.h in Headers */,
				B183A4A21A8535D100C76870 /* ResearchKit_Private.h in Headers */,
				BCB6E6661B7D535F000D5B34 /* ORKXAxisView.h in Headers */,
				86C40D121A8D7C5C00081FAC /* ORKDefines.h in Headers */,
				BC5FAF841C6901A200057CF1 /* ORKChartTypes.h in Headers */,
				86C40D141A8D7C5C00081FAC /* ORKHelpers_Private.h in Headers */,
				BC4A213F1C85FC0000BFC271 /* ORKBarGraphChartView.h in Headers */,
				BCB6E6601B7D534C000D5B34 /* ORKLineGraphChartView.h in Headers */,
				B183A4DD1A8535D100C76870 /* ResearchKit.h in Headers */,
				BCB6E65E1B7D534C000D5B34 /* ORKGraphChartView.h in Headers */,
				86C40D921A8D7C5C00081FAC /* ORKStep_Private.h in Headers */,
				BCB6E6521B7D533B000D5B34 /* ORKPieChartLegendCell.h in Headers */,
				2433C9E31B9A506F0052D375 /* ORKKeychainWrapper.h in Headers */,
				6146D0A31B84A91E0068491D /* ORKLineGraphAccessibilityElement.h in Headers */,
				BCD192E71B81243900FCC08A /* ORKPieChartLegendView.h in Headers */,
				BA87E26D20A79FA100B375A9 /* ORKRingView.h in Headers */,
				BCC1CD9A1B7ED64F00D86886 /* ORKYAxisView.h in Headers */,
				BCB6E64A1B7D531C000D5B34 /* ORKPieChartView.h in Headers */,
				86C40D341A8D7C5C00081FAC /* ORKHelpers_Internal.h in Headers */,
				86C40D161A8D7C5C00081FAC /* ORKErrors.h in Headers */,
				86C40D8A1A8D7C5C00081FAC /* ORKSkin.h in Headers */,
			);
			runOnlyForDeploymentPostprocessing = 0;
		};
/* End PBXHeadersBuildPhase section */

/* Begin PBXNativeTarget section */
		86CC8E991AC09332001CCD89 /* ResearchKitTests */ = {
			isa = PBXNativeTarget;
			buildConfigurationList = 86CC8EA31AC09332001CCD89 /* Build configuration list for PBXNativeTarget "ResearchKitTests" */;
			buildPhases = (
				86CC8E961AC09332001CCD89 /* Sources */,
				86CC8E971AC09332001CCD89 /* Frameworks */,
				86CC8E981AC09332001CCD89 /* Resources */,
			);
			buildRules = (
			);
			dependencies = (
				86CC8EA21AC09332001CCD89 /* PBXTargetDependency */,
			);
			name = ResearchKitTests;
			productName = "ResearchKit Tests";
			productReference = 86CC8E9A1AC09332001CCD89 /* ResearchKitTests.xctest */;
			productType = "com.apple.product-type.bundle.unit-test";
		};
		B183A4731A8535D100C76870 /* ResearchKit */ = {
			isa = PBXNativeTarget;
			buildConfigurationList = B183A5921A8535D100C76870 /* Build configuration list for PBXNativeTarget "ResearchKit" */;
			buildPhases = (
				B183A4741A8535D100C76870 /* Headers */,
				B183A4F71A8535D100C76870 /* Sources */,
				B183A5591A8535D100C76870 /* Frameworks */,
				B183A5681A8535D100C76870 /* Resources */,
				B1429E9C1AAA651C003DE546 /* ShellScript */,
			);
			buildRules = (
			);
			dependencies = (
			);
			name = ResearchKit;
			productName = ResearchKit;
			productReference = B183A5951A8535D100C76870 /* ResearchKit.framework */;
			productType = "com.apple.product-type.framework";
		};
/* End PBXNativeTarget section */

/* Begin PBXProject section */
		3FFF18351829DB1D00167070 /* Project object */ = {
			isa = PBXProject;
			attributes = {
				CLASSPREFIX = ORK;
				LastSwiftUpdateCheck = 0700;
				LastUpgradeCheck = 1000;
				ORGANIZATIONNAME = researchkit.org;
				TargetAttributes = {
					86CC8E991AC09332001CCD89 = {
						CreatedOnToolsVersion = 6.2;
					};
					B183A4731A8535D100C76870 = {
						LastSwiftMigration = 0900;
					};
					B18FF3A41A9FE25700C0C3B0 = {
						CreatedOnToolsVersion = 7.0;
					};
				};
			};
			buildConfigurationList = 3FFF18381829DB1D00167070 /* Build configuration list for PBXProject "ResearchKit" */;
			compatibilityVersion = "Xcode 3.2";
			developmentRegion = English;
			hasScannedForEncodings = 0;
			knownRegions = (
				en,
				Base,
				tr,
				zh_TW,
				zh_HK,
				zh_CN,
				vi,
				uk,
				th,
				sv,
				sk,
				ru,
				ro,
				pt,
				pt_PT,
				pl,
				nl,
				ms,
				ko,
				ja,
				it,
				id,
				hu,
				hr,
				hi,
				he,
				fr,
				fr_CA,
				fi,
				es,
				es_MX,
				en_GB,
				en_AU,
				el,
				de,
				da,
				cs,
				ca,
				ar,
				"zh-Hant",
				"zh-HK",
				"zh-Hans",
				"pt-PT",
				"fr-CA",
				"es-MX",
				"en-GB",
				"en-AU",
				nb,
			);
			mainGroup = 3FFF18341829DB1D00167070;
			productRefGroup = 3FFF183E1829DB1D00167070 /* Products */;
			projectDirPath = "";
			projectRoot = "";
			targets = (
				B183A4731A8535D100C76870 /* ResearchKit */,
				86CC8E991AC09332001CCD89 /* ResearchKitTests */,
				B18FF3A41A9FE25700C0C3B0 /* docs */,
			);
		};
/* End PBXProject section */

/* Begin PBXResourcesBuildPhase section */
		86CC8E981AC09332001CCD89 /* Resources */ = {
			isa = PBXResourcesBuildPhase;
			buildActionMask = 2147483647;
			files = (
			);
			runOnlyForDeploymentPostprocessing = 0;
		};
		B183A5681A8535D100C76870 /* Resources */ = {
			isa = PBXResourcesBuildPhase;
			buildActionMask = 2147483647;
			files = (
				B1C0F4E41A9BA65F0022C153 /* ResearchKit.strings in Resources */,
			);
			runOnlyForDeploymentPostprocessing = 0;
		};
/* End PBXResourcesBuildPhase section */

/* Begin PBXShellScriptBuildPhase section */
		B1429E9C1AAA651C003DE546 /* ShellScript */ = {
			isa = PBXShellScriptBuildPhase;
			buildActionMask = 2147483647;
			files = (
			);
			inputPaths = (
			);
			outputPaths = (
			);
			runOnlyForDeploymentPostprocessing = 0;
			shellPath = /bin/sh;
			shellScript = "# License check: all\n\necho \"Checking for BSD license text (files missing licenses listed below):\"\n\nLICENSE_MISSING=`find . -name '*.[hm]' -o -name '*.vsh' -o -name '*.fsh' -exec grep -iL \"THIS SOFTWARE IS PROVIDED BY THE COPYRIGHT HOLDERS AND CONTRIBUTORS\" {} \\;`\necho \"$LICENSE_MISSING\"\n\ntest \"$LICENSE_MISSING\" == \"\"\n\n";
			showEnvVarsInLog = 0;
		};
		B18FF3A81A9FE26300C0C3B0 /* ShellScript */ = {
			isa = PBXShellScriptBuildPhase;
			buildActionMask = 2147483647;
			files = (
			);
			inputPaths = (
			);
			outputPaths = (
			);
			runOnlyForDeploymentPostprocessing = 0;
			shellPath = /bin/sh;
			shellScript = "if [ ! -x /usr/local/bin/appledoc ]; then\n    echo \"error: appledoc is required for building ResearchKit's documentation. See http://appledoc.gentlebytes.com\" 1>&2\n    exit 1\nfi\n\n/usr/local/bin/appledoc --print-settings --publish-docset --install-docset --output \"${BUILT_PRODUCTS_DIR}/docs/\" --include \"docs/ActiveTasks\" --include \"docs/InformedConsent\" --include \"docs/Overview\" --include \"docs/Survey\" --include \"docs/ChartsAndGraphs\" --include \"docs/Passcode\" --include \"docs/Account\" --ignore \"docs/templates\" --templates \"docs/templates\" \"${BUILT_PRODUCTS_DIR}/ResearchKit.framework\" \"docs\"\n\necho \"note: Opening documentation in browser...\"\nopen \"$HOME/Library/Developer/Shared/Documentation/DocSets/org.researchkit.ResearchKit.docset/Contents/Resources/Documents/index.html\"";
			showEnvVarsInLog = 0;
		};
/* End PBXShellScriptBuildPhase section */

/* Begin PBXSourcesBuildPhase section */
		86CC8E961AC09332001CCD89 /* Sources */ = {
			isa = PBXSourcesBuildPhase;
			buildActionMask = 2147483647;
			files = (
				86CC8EB71AC09383001CCD89 /* ORKDataLoggerTests.m in Sources */,
				248604061B4C98760010C8A0 /* ORKAnswerFormatTests.m in Sources */,
				86CC8EBA1AC09383001CCD89 /* ORKResultTests.m in Sources */,
				FA7A9D391B0969A7005A2BEA /* ORKConsentSignatureFormatterTests.m in Sources */,
				86CC8EB81AC09383001CCD89 /* ORKHKSampleTests.m in Sources */,
				BCB96C131B19C0EC002A0B96 /* ORKStepTests.m in Sources */,
				86CC8EB51AC09383001CCD89 /* ORKConsentTests.m in Sources */,
				2EBFE11D1AE1B32D00CB8254 /* ORKUIViewAccessibilityTests.m in Sources */,
				86CC8EB41AC09383001CCD89 /* ORKChoiceAnswerFormatHelperTests.m in Sources */,
				2EBFE1201AE1B74100CB8254 /* ORKVoiceEngineTests.m in Sources */,
				BCAD50E81B0201EE0034806A /* ORKTaskTests.m in Sources */,
				86CC8EBB1AC09383001CCD89 /* ORKTextChoiceCellGroupTests.m in Sources */,
				FA7A9D2B1B082688005A2BEA /* ORKConsentDocumentTests.m in Sources */,
				FA7A9D371B09365F005A2BEA /* ORKConsentSectionFormatterTests.m in Sources */,
				86D348021AC161B0006DB02B /* ORKRecorderTests.m in Sources */,
				86CC8EB61AC09383001CCD89 /* ORKDataLoggerManagerTests.m in Sources */,
				86CC8EB31AC09383001CCD89 /* ORKAccessibilityTests.m in Sources */,
			);
			runOnlyForDeploymentPostprocessing = 0;
		};
		B183A4F71A8535D100C76870 /* Sources */ = {
			isa = PBXSourcesBuildPhase;
			buildActionMask = 2147483647;
			files = (
				2433C9E41B9A506F0052D375 /* ORKKeychainWrapper.m in Sources */,
				BC2908BC1FBD628F0030AB89 /* ORKTypes.m in Sources */,
				BCB6E6531B7D533B000D5B34 /* ORKPieChartLegendCell.m in Sources */,
				86C40D8C1A8D7C5C00081FAC /* ORKSkin.m in Sources */,
				618DA0521A93D0D600E63AA8 /* ORKAccessibilityFunctions.m in Sources */,
				BCD192E81B81243900FCC08A /* ORKPieChartLegendView.m in Sources */,
				BCD192E01B81240400FCC08A /* ORKPieChartPieView.m in Sources */,
				618DA0561A93D0D600E63AA8 /* UIView+ORKAccessibility.m in Sources */,
				BC4A21401C85FC0000BFC271 /* ORKBarGraphChartView.m in Sources */,
				BCB6E6511B7D533B000D5B34 /* ORKPieChartLegendCollectionViewLayout.m in Sources */,
				6146D0A41B84A91E0068491D /* ORKLineGraphAccessibilityElement.m in Sources */,
				BCB6E6671B7D535F000D5B34 /* ORKXAxisView.m in Sources */,
				BCB6E65C1B7D534C000D5B34 /* ORKDiscreteGraphChartView.m in Sources */,
				86C40D901A8D7C5C00081FAC /* ORKStep.m in Sources */,
				BC5FAF851C6901A200057CF1 /* ORKChartTypes.m in Sources */,
				BA87E26E20A79FA100B375A9 /* ORKRingView.m in Sources */,
				86C40D181A8D7C5C00081FAC /* ORKErrors.m in Sources */,
				86C40D361A8D7C5C00081FAC /* ORKHelpers.m in Sources */,
				BCB6E6611B7D534C000D5B34 /* ORKLineGraphChartView.m in Sources */,
				BCD192EC1B81245500FCC08A /* ORKPieChartTitleTextView.m in Sources */,
				BCB6E65F1B7D534C000D5B34 /* ORKGraphChartView.m in Sources */,
				BCC1CD9B1B7ED64F00D86886 /* ORKYAxisView.m in Sources */,
				BCB6E64B1B7D531C000D5B34 /* ORKPieChartView.m in Sources */,
			);
			runOnlyForDeploymentPostprocessing = 0;
		};
/* End PBXSourcesBuildPhase section */

/* Begin PBXTargetDependency section */
		86CC8EA21AC09332001CCD89 /* PBXTargetDependency */ = {
			isa = PBXTargetDependency;
			target = B183A4731A8535D100C76870 /* ResearchKit */;
			targetProxy = 86CC8EA11AC09332001CCD89 /* PBXContainerItemProxy */;
		};
		B11DF3B11AA10795009E76D2 /* PBXTargetDependency */ = {
			isa = PBXTargetDependency;
			target = B183A4731A8535D100C76870 /* ResearchKit */;
			targetProxy = B11DF3B01AA10795009E76D2 /* PBXContainerItemProxy */;
		};
/* End PBXTargetDependency section */

/* Begin PBXVariantGroup section */
		B1C0F4E11A9BA65F0022C153 /* ResearchKit.strings */ = {
			isa = PBXVariantGroup;
			children = (
				B1C0F4E21A9BA65F0022C153 /* en */,
				B11DF4C21AA10D70009E76D2 /* tr */,
				B14660481AA10DD7002F95C2 /* zh_TW */,
				B1B349E41AA10DED005FAD66 /* zh_HK */,
				B1B349E51AA10DF8005FAD66 /* zh_CN */,
				B1B349E61AA10E02005FAD66 /* vi */,
				B1B349E71AA10E0B005FAD66 /* uk */,
				B1B349E81AA10E12005FAD66 /* th */,
				B1B349E91AA10E27005FAD66 /* sv */,
				B1B349EA1AA10E2E005FAD66 /* sk */,
				B1B349EB1AA10E38005FAD66 /* ru */,
				B1B349EC1AA10E40005FAD66 /* ro */,
				B1B349ED1AA10E47005FAD66 /* pt */,
				B1B349EE1AA10E4F005FAD66 /* pt_PT */,
				B1B349EF1AA10E56005FAD66 /* pl */,
				B1B349F01AA10E5E005FAD66 /* nl */,
				B1B349F11AA10E65005FAD66 /* ms */,
				B1B349F21AA10E6C005FAD66 /* ko */,
				B1B349F31AA10E73005FAD66 /* ja */,
				B1B349F41AA10E79005FAD66 /* it */,
				B1B349F51AA10E80005FAD66 /* id */,
				B1B349F61AA10E89005FAD66 /* hu */,
				B1B349F71AA10E90005FAD66 /* hr */,
				B1B349F81AA10E96005FAD66 /* hi */,
				B1B349F91AA10E9C005FAD66 /* he */,
				B1B349FA1AA10EA2005FAD66 /* fr */,
				B1B349FB1AA10EA8005FAD66 /* fr_CA */,
				B1B349FC1AA10EAE005FAD66 /* fi */,
				B1B349FD1AA10EB4005FAD66 /* es */,
				B1B349FE1AA10EBA005FAD66 /* es_MX */,
				B1B349FF1AA10EC1005FAD66 /* en_GB */,
				B1B34A001AA10EC6005FAD66 /* en_AU */,
				B1B34A011AA10ECB005FAD66 /* el */,
				B1B34A021AA10ED1005FAD66 /* de */,
				B1B34A031AA10ED5005FAD66 /* da */,
				B1B34A041AA10EDA005FAD66 /* cs */,
				B1B34A051AA10EDF005FAD66 /* ca */,
				B1B34A061AA10EE4005FAD66 /* ar */,
				B1B34A061AABBCCDDEEFFAAA /* no */,
			);
			name = ResearchKit.strings;
			sourceTree = "<group>";
		};
/* End PBXVariantGroup section */

/* Begin XCBuildConfiguration section */
		3FFF18691829DB1E00167070 /* Debug */ = {
			isa = XCBuildConfiguration;
			buildSettings = {
				ALWAYS_SEARCH_USER_PATHS = NO;
				CLANG_ANALYZER_LOCALIZABILITY_NONLOCALIZED = YES;
				CLANG_CXX_LIBRARY = "libc++";
				CLANG_ENABLE_MODULES = YES;
				CLANG_ENABLE_OBJC_ARC = YES;
				CLANG_WARN_BLOCK_CAPTURE_AUTORELEASING = YES;
				CLANG_WARN_BOOL_CONVERSION = YES;
				CLANG_WARN_COMMA = YES;
				CLANG_WARN_CONSTANT_CONVERSION = YES;
				CLANG_WARN_DEPRECATED_OBJC_IMPLEMENTATIONS = YES;
				CLANG_WARN_DIRECT_OBJC_ISA_USAGE = YES_ERROR;
				CLANG_WARN_EMPTY_BODY = YES;
				CLANG_WARN_ENUM_CONVERSION = YES;
				CLANG_WARN_INFINITE_RECURSION = YES;
				CLANG_WARN_INT_CONVERSION = YES;
				CLANG_WARN_NON_LITERAL_NULL_CONVERSION = YES;
				CLANG_WARN_OBJC_IMPLICIT_RETAIN_SELF = NO;
				CLANG_WARN_OBJC_LITERAL_CONVERSION = YES;
				CLANG_WARN_OBJC_ROOT_CLASS = YES_ERROR;
				CLANG_WARN_RANGE_LOOP_ANALYSIS = YES;
				CLANG_WARN_STRICT_PROTOTYPES = YES;
				CLANG_WARN_SUSPICIOUS_MOVE = YES;
				CLANG_WARN_UNREACHABLE_CODE = YES;
				CLANG_WARN__DUPLICATE_METHOD_MATCH = YES;
				COPY_PHASE_STRIP = NO;
				ENABLE_STRICT_OBJC_MSGSEND = YES;
				ENABLE_TESTABILITY = YES;
				GCC_DYNAMIC_NO_PIC = NO;
				GCC_NO_COMMON_BLOCKS = YES;
				GCC_OPTIMIZATION_LEVEL = 0;
				GCC_PREPROCESSOR_DEFINITIONS = (
					"DEBUG=1",
					"$(inherited)",
				);
				GCC_SYMBOLS_PRIVATE_EXTERN = NO;
				GCC_WARN_64_TO_32_BIT_CONVERSION = YES;
				GCC_WARN_ABOUT_RETURN_TYPE = YES_ERROR;
				GCC_WARN_UNDECLARED_SELECTOR = YES;
				GCC_WARN_UNINITIALIZED_AUTOS = YES;
				GCC_WARN_UNUSED_FUNCTION = YES;
				GCC_WARN_UNUSED_VARIABLE = YES;
				IPHONEOS_DEPLOYMENT_TARGET = 11.0;
				ONLY_ACTIVE_ARCH = YES;
				SDKROOT = iphoneos;
				SWIFT_VERSION = 4.0;
				TARGETED_DEVICE_FAMILY = 1;
				TOOLCHAINS = default;
			};
			name = Debug;
		};
		3FFF186A1829DB1E00167070 /* Release */ = {
			isa = XCBuildConfiguration;
			buildSettings = {
				ALWAYS_SEARCH_USER_PATHS = NO;
				CLANG_ANALYZER_LOCALIZABILITY_NONLOCALIZED = YES;
				CLANG_CXX_LIBRARY = "libc++";
				CLANG_ENABLE_MODULES = YES;
				CLANG_ENABLE_OBJC_ARC = YES;
				CLANG_WARN_BLOCK_CAPTURE_AUTORELEASING = YES;
				CLANG_WARN_BOOL_CONVERSION = YES;
				CLANG_WARN_COMMA = YES;
				CLANG_WARN_CONSTANT_CONVERSION = YES;
				CLANG_WARN_DEPRECATED_OBJC_IMPLEMENTATIONS = YES;
				CLANG_WARN_DIRECT_OBJC_ISA_USAGE = YES_ERROR;
				CLANG_WARN_EMPTY_BODY = YES;
				CLANG_WARN_ENUM_CONVERSION = YES;
				CLANG_WARN_INFINITE_RECURSION = YES;
				CLANG_WARN_INT_CONVERSION = YES;
				CLANG_WARN_NON_LITERAL_NULL_CONVERSION = YES;
				CLANG_WARN_OBJC_IMPLICIT_RETAIN_SELF = NO;
				CLANG_WARN_OBJC_LITERAL_CONVERSION = YES;
				CLANG_WARN_OBJC_ROOT_CLASS = YES_ERROR;
				CLANG_WARN_RANGE_LOOP_ANALYSIS = YES;
				CLANG_WARN_STRICT_PROTOTYPES = YES;
				CLANG_WARN_SUSPICIOUS_MOVE = YES;
				CLANG_WARN_UNREACHABLE_CODE = YES;
				CLANG_WARN__DUPLICATE_METHOD_MATCH = YES;
				COPY_PHASE_STRIP = YES;
				ENABLE_NS_ASSERTIONS = NO;
				ENABLE_STRICT_OBJC_MSGSEND = YES;
				GCC_NO_COMMON_BLOCKS = YES;
				GCC_SYMBOLS_PRIVATE_EXTERN = NO;
				GCC_WARN_64_TO_32_BIT_CONVERSION = YES;
				GCC_WARN_ABOUT_RETURN_TYPE = YES_ERROR;
				GCC_WARN_UNDECLARED_SELECTOR = YES;
				GCC_WARN_UNINITIALIZED_AUTOS = YES;
				GCC_WARN_UNUSED_FUNCTION = YES;
				GCC_WARN_UNUSED_VARIABLE = YES;
				IPHONEOS_DEPLOYMENT_TARGET = 11.0;
				SDKROOT = iphoneos;
				SWIFT_OPTIMIZATION_LEVEL = "-Owholemodule";
				SWIFT_VERSION = 4.0;
				TARGETED_DEVICE_FAMILY = 1;
				TOOLCHAINS = default;
				VALIDATE_PRODUCT = YES;
			};
			name = Release;
		};
		86CC8EA41AC09332001CCD89 /* Debug */ = {
			isa = XCBuildConfiguration;
			buildSettings = {
				CLANG_CXX_LANGUAGE_STANDARD = "gnu++0x";
				CLANG_WARN_UNREACHABLE_CODE = YES;
				ENABLE_STRICT_OBJC_MSGSEND = YES;
				FRAMEWORK_SEARCH_PATHS = "$(inherited)";
				GCC_C_LANGUAGE_STANDARD = gnu99;
				GCC_PREPROCESSOR_DEFINITIONS = (
					"DEBUG=1",
					"$(inherited)",
				);
				GCC_WARN_UNINITIALIZED_AUTOS = YES_AGGRESSIVE;
				INFOPLIST_FILE = "$(SRCROOT)/ResearchKitTests/Info.plist";
				IPHONEOS_DEPLOYMENT_TARGET = 8.2;
				LD_RUNPATH_SEARCH_PATHS = "$(inherited) @executable_path/Frameworks @loader_path/Frameworks";
				MTL_ENABLE_DEBUG_INFO = YES;
				PRODUCT_BUNDLE_IDENTIFIER = "org.researchkit.$(PRODUCT_NAME:rfc1034identifier)";
				PRODUCT_NAME = "$(TARGET_NAME)";
			};
			name = Debug;
		};
		86CC8EA51AC09332001CCD89 /* Release */ = {
			isa = XCBuildConfiguration;
			buildSettings = {
				CLANG_CXX_LANGUAGE_STANDARD = "gnu++0x";
				CLANG_WARN_UNREACHABLE_CODE = YES;
				COPY_PHASE_STRIP = NO;
				ENABLE_STRICT_OBJC_MSGSEND = YES;
				FRAMEWORK_SEARCH_PATHS = "$(inherited)";
				GCC_C_LANGUAGE_STANDARD = gnu99;
				GCC_WARN_UNINITIALIZED_AUTOS = YES_AGGRESSIVE;
				INFOPLIST_FILE = "$(SRCROOT)/ResearchKitTests/Info.plist";
				IPHONEOS_DEPLOYMENT_TARGET = 8.2;
				LD_RUNPATH_SEARCH_PATHS = "$(inherited) @executable_path/Frameworks @loader_path/Frameworks";
				MTL_ENABLE_DEBUG_INFO = NO;
				PRODUCT_BUNDLE_IDENTIFIER = "org.researchkit.$(PRODUCT_NAME:rfc1034identifier)";
				PRODUCT_NAME = "$(TARGET_NAME)";
			};
			name = Release;
		};
		B183A5931A8535D100C76870 /* Debug */ = {
			isa = XCBuildConfiguration;
			buildSettings = {
				CLANG_ENABLE_MODULES = YES;
				CLANG_WARN_UNREACHABLE_CODE = YES;
				"CODE_SIGN_IDENTITY[sdk=iphoneos*]" = "";
				DEAD_CODE_STRIPPING = YES;
				DEFINES_MODULE = YES;
				DYLIB_COMPATIBILITY_VERSION = 1;
				DYLIB_CURRENT_VERSION = 1;
				DYLIB_INSTALL_NAME_BASE = "@rpath";
				ENABLE_STRICT_OBJC_MSGSEND = YES;
				GCC_PRECOMPILE_PREFIX_HEADER = YES;
				GCC_PREPROCESSOR_DEFINITIONS = (
					"$(inherited)",
					"ORK_LOG_LEVEL_WARNING=1",
				);
				GCC_SYMBOLS_PRIVATE_EXTERN = NO;
				GCC_WARN_UNINITIALIZED_AUTOS = YES_AGGRESSIVE;
				INFOPLIST_FILE = "$(SRCROOT)/ResearchKit/Info.plist";
				INSTALL_PATH = "$(LOCAL_LIBRARY_DIR)/Frameworks";
				IPHONEOS_DEPLOYMENT_TARGET = 11.0;
				LD_RUNPATH_SEARCH_PATHS = "$(inherited) @executable_path/Frameworks @loader_path/Frameworks";
				MODULEMAP_FILE = ResearchKit/ResearchKit.modulemap;
				MTL_ENABLE_DEBUG_INFO = YES;
				PRODUCT_BUNDLE_IDENTIFIER = "org.researchkit.${PRODUCT_NAME:rfc1034identifier}";
				PRODUCT_NAME = ResearchKit;
				SDKROOT = iphoneos;
				SKIP_INSTALL = YES;
				SWIFT_OPTIMIZATION_LEVEL = "-Onone";
				SWIFT_SWIFT3_OBJC_INFERENCE = Default;
				TARGETED_DEVICE_FAMILY = "1,2";
			};
			name = Debug;
		};
		B183A5941A8535D100C76870 /* Release */ = {
			isa = XCBuildConfiguration;
			buildSettings = {
				CLANG_ENABLE_MODULES = YES;
				CLANG_WARN_UNREACHABLE_CODE = YES;
				"CODE_SIGN_IDENTITY[sdk=iphoneos*]" = "";
				DEAD_CODE_STRIPPING = YES;
				DEFINES_MODULE = YES;
				DYLIB_COMPATIBILITY_VERSION = 1;
				DYLIB_CURRENT_VERSION = 1;
				DYLIB_INSTALL_NAME_BASE = "@rpath";
				ENABLE_STRICT_OBJC_MSGSEND = YES;
				GCC_PRECOMPILE_PREFIX_HEADER = YES;
				GCC_PREPROCESSOR_DEFINITIONS = "ORK_LOG_LEVEL_WARNING=1";
				GCC_SYMBOLS_PRIVATE_EXTERN = YES;
				GCC_WARN_UNINITIALIZED_AUTOS = YES_AGGRESSIVE;
				INFOPLIST_FILE = "$(SRCROOT)/ResearchKit/Info.plist";
				INSTALL_PATH = "$(LOCAL_LIBRARY_DIR)/Frameworks";
				IPHONEOS_DEPLOYMENT_TARGET = 11.0;
				LD_RUNPATH_SEARCH_PATHS = "$(inherited) @executable_path/Frameworks @loader_path/Frameworks";
				MODULEMAP_FILE = ResearchKit/ResearchKit.modulemap;
				MTL_ENABLE_DEBUG_INFO = NO;
				PRODUCT_BUNDLE_IDENTIFIER = "org.researchkit.${PRODUCT_NAME:rfc1034identifier}";
				PRODUCT_NAME = ResearchKit;
				SDKROOT = iphoneos;
				SKIP_INSTALL = YES;
				SWIFT_OPTIMIZATION_LEVEL = "-Owholemodule";
				SWIFT_SWIFT3_OBJC_INFERENCE = Default;
				TARGETED_DEVICE_FAMILY = "1,2";
			};
			name = Release;
		};
		B18FF3A51A9FE25700C0C3B0 /* Debug */ = {
			isa = XCBuildConfiguration;
			buildSettings = {
				PRODUCT_NAME = "$(TARGET_NAME)";
			};
			name = Debug;
		};
		B18FF3A61A9FE25700C0C3B0 /* Release */ = {
			isa = XCBuildConfiguration;
			buildSettings = {
				PRODUCT_NAME = "$(TARGET_NAME)";
			};
			name = Release;
		};
/* End XCBuildConfiguration section */

/* Begin XCConfigurationList section */
		3FFF18381829DB1D00167070 /* Build configuration list for PBXProject "ResearchKit" */ = {
			isa = XCConfigurationList;
			buildConfigurations = (
				3FFF18691829DB1E00167070 /* Debug */,
				3FFF186A1829DB1E00167070 /* Release */,
			);
			defaultConfigurationIsVisible = 0;
			defaultConfigurationName = Release;
		};
		86CC8EA31AC09332001CCD89 /* Build configuration list for PBXNativeTarget "ResearchKitTests" */ = {
			isa = XCConfigurationList;
			buildConfigurations = (
				86CC8EA41AC09332001CCD89 /* Debug */,
				86CC8EA51AC09332001CCD89 /* Release */,
			);
			defaultConfigurationIsVisible = 0;
			defaultConfigurationName = Release;
		};
		B183A5921A8535D100C76870 /* Build configuration list for PBXNativeTarget "ResearchKit" */ = {
			isa = XCConfigurationList;
			buildConfigurations = (
				B183A5931A8535D100C76870 /* Debug */,
				B183A5941A8535D100C76870 /* Release */,
			);
			defaultConfigurationIsVisible = 0;
			defaultConfigurationName = Release;
		};
		B18FF3A71A9FE25700C0C3B0 /* Build configuration list for PBXAggregateTarget "docs" */ = {
			isa = XCConfigurationList;
			buildConfigurations = (
				B18FF3A51A9FE25700C0C3B0 /* Debug */,
				B18FF3A61A9FE25700C0C3B0 /* Release */,
			);
			defaultConfigurationIsVisible = 0;
			defaultConfigurationName = Release;
		};
/* End XCConfigurationList section */
	};
	rootObject = 3FFF18351829DB1D00167070 /* Project object */;
}
